
Microsoft Visual Studio Solution File, Format Version 11.00
# Visual Studio 2010
Project("{FAE04EC0-301F-11D3-BF4B-00C04F79EFBC}") = "YAPCG.Domain", "YAPCG.Domain.csproj", "{e0f14b3b-c98a-3e96-d43b-49ae6bb1f71d}"
EndProject
Project("{FAE04EC0-301F-11D3-BF4B-00C04F79EFBC}") = "ModernUIPack", "ModernUIPack.csproj", "{27fd58b7-7da9-f7bd-d229-5c9f700557f6}"
EndProject
Project("{FAE04EC0-301F-11D3-BF4B-00C04F79EFBC}") = "TMP", "TMP.csproj", "{d0c75cce-18ca-bf77-348b-1ac0cc30e2a9}"
EndProject
Project("{FAE04EC0-301F-11D3-BF4B-00C04F79EFBC}") = "YAPCG.Engine", "YAPCG.Engine.csproj", "{fe6cd211-2083-f15b-4a1e-cd93d3d5ddc6}"
EndProject
Project("{FAE04EC0-301F-11D3-BF4B-00C04F79EFBC}") = "YAPCG.Engine.Editor", "YAPCG.Engine.Editor.csproj", "{b0470047-00cd-a72c-103f-c5e59d632e07}"
EndProject
Project("{FAE04EC0-301F-11D3-BF4B-00C04F79EFBC}") = "YAPCG.Application", "YAPCG.Application.csproj", "{e16b433d-4bc2-6a74-eee4-45b6d05d17f2}"
EndProject
Project("{FAE04EC0-301F-11D3-BF4B-00C04F79EFBC}") = "YAPCG.Resources.View.Custom", "YAPCG.Resources.View.Custom.csproj", "{2f569eb6-9cbd-7395-1f5d-263c82b42378}"
EndProject
Project("{FAE04EC0-301F-11D3-BF4B-00C04F79EFBC}") = "YAPCG.Simulation", "YAPCG.Simulation.csproj", "{89b75208-b802-1519-26a6-975a91b0553c}"
EndProject
Project("{FAE04EC0-301F-11D3-BF4B-00C04F79EFBC}") = "Assembly-CSharp", "Assembly-CSharp.csproj", "{3bf7ac5b-c84a-faf3-f7a2-b96c778d1b6c}"
EndProject
Global
	GlobalSection(SolutionConfigurationPlatforms) = preSolution
		Debug|Any CPU = Debug|Any CPU
	EndGlobalSection
	GlobalSection(ProjectConfigurationPlatforms) = postSolution
		{e0f14b3b-c98a-3e96-d43b-49ae6bb1f71d}.Debug|Any CPU.ActiveCfg = Debug|Any CPU
		{e0f14b3b-c98a-3e96-d43b-49ae6bb1f71d}.Debug|Any CPU.Build.0 = Debug|Any CPU
		{27fd58b7-7da9-f7bd-d229-5c9f700557f6}.Debug|Any CPU.ActiveCfg = Debug|Any CPU
		{27fd58b7-7da9-f7bd-d229-5c9f700557f6}.Debug|Any CPU.Build.0 = Debug|Any CPU
		{d0c75cce-18ca-bf77-348b-1ac0cc30e2a9}.Debug|Any CPU.ActiveCfg = Debug|Any CPU
		{d0c75cce-18ca-bf77-348b-1ac0cc30e2a9}.Debug|Any CPU.Build.0 = Debug|Any CPU
		{fe6cd211-2083-f15b-4a1e-cd93d3d5ddc6}.Debug|Any CPU.ActiveCfg = Debug|Any CPU
		{fe6cd211-2083-f15b-4a1e-cd93d3d5ddc6}.Debug|Any CPU.Build.0 = Debug|Any CPU
		{b0470047-00cd-a72c-103f-c5e59d632e07}.Debug|Any CPU.ActiveCfg = Debug|Any CPU
		{b0470047-00cd-a72c-103f-c5e59d632e07}.Debug|Any CPU.Build.0 = Debug|Any CPU
		{e16b433d-4bc2-6a74-eee4-45b6d05d17f2}.Debug|Any CPU.ActiveCfg = Debug|Any CPU
		{e16b433d-4bc2-6a74-eee4-45b6d05d17f2}.Debug|Any CPU.Build.0 = Debug|Any CPU
		{2f569eb6-9cbd-7395-1f5d-263c82b42378}.Debug|Any CPU.ActiveCfg = Debug|Any CPU
		{2f569eb6-9cbd-7395-1f5d-263c82b42378}.Debug|Any CPU.Build.0 = Debug|Any CPU
		{89b75208-b802-1519-26a6-975a91b0553c}.Debug|Any CPU.ActiveCfg = Debug|Any CPU
		{89b75208-b802-1519-26a6-975a91b0553c}.Debug|Any CPU.Build.0 = Debug|Any CPU
		{3bf7ac5b-c84a-faf3-f7a2-b96c778d1b6c}.Debug|Any CPU.ActiveCfg = Debug|Any CPU
		{3bf7ac5b-c84a-faf3-f7a2-b96c778d1b6c}.Debug|Any CPU.Build.0 = Debug|Any CPU
	EndGlobalSection
	GlobalSection(SolutionProperties) = preSolution
		HideSolutionNode = FALSE
	EndGlobalSection
EndGlobal
